
Microsoft Visual Studio Solution File, Format Version 12.00
# Visual Studio Version 16
VisualStudioVersion = 25.0.1706.7
MinimumVisualStudioVersion = 10.0.40219.1
Project("{2150E333-8FDC-42A3-9474-1A3956D46DE8}") = "Src", "Src", "{9FBC29E1-BD74-4356-922E-7721B6D547EF}"
EndProject
Project("{2150E333-8FDC-42A3-9474-1A3956D46DE8}") = "1-Domain", "1-Domain", "{C6F83597-DF81-448D-ADB9-B044F91F2E3B}"
EndProject
Project("{2150E333-8FDC-42A3-9474-1A3956D46DE8}") = "2-Infrastructure", "2-Infrastructure", "{0D2BC653-8373-4148-BBA6-F3FA3F45E74E}"
EndProject
Project("{2150E333-8FDC-42A3-9474-1A3956D46DE8}") = "3-Endpoint", "3-Endpoint", "{35022201-209F-434F-A134-655624347E3A}"
EndProject
Project("{FAE04EC0-301F-11D3-BF4B-00C04F79EFBC}") = "App.Domain.Core", "App.Domain.Core\App.Domain.Core.csproj", "{FF640204-17DF-486D-AF99-5594BE4CE483}"
EndProject
Project("{FAE04EC0-301F-11D3-BF4B-00C04F79EFBC}") = "App.Domain.AppService", "App.Domain.AppService\App.Domain.AppService.csproj", "{56BACFFA-B83C-42AB-879D-5E715D8E065A}"
EndProject
Project("{FAE04EC0-301F-11D3-BF4B-00C04F79EFBC}") = "App.Domain.Service", "App.Domain.Service\App.Domain.Service.csproj", "{F98A2F8E-6AD9-48C3-A06D-A8C505F27C79}"
EndProject
Project("{2150E333-8FDC-42A3-9474-1A3956D46DE8}") = "Database", "Database", "{8E5B7A97-9F75-4179-AFF2-C29ECFC97E4A}"
EndProject
Project("{2150E333-8FDC-42A3-9474-1A3956D46DE8}") = "Repository", "Repository", "{91D6A55D-9500-47BF-A232-C59027D27093}"
EndProject
Project("{FAE04EC0-301F-11D3-BF4B-00C04F79EFBC}") = "App.Infrastructure.Database", "App.Infrastructure.Database\App.Infrastructure.Database.csproj", "{B92DCA32-E514-4A9C-A94B-256413F10BF0}"
EndProject
Project("{FAE04EC0-301F-11D3-BF4B-00C04F79EFBC}") = "App.Infrastructure.Repository.Ef", "App.Infrastructure.Repository\App.Infrastructure.Repository.Ef.csproj", "{B4573E38-52E2-4610-AE45-E43B99E18587}"
EndProject
Project("{FAE04EC0-301F-11D3-BF4B-00C04F79EFBC}") = "App.Endpoint.MVC", "App.Endpoint.MVC\App.Endpoint.MVC.csproj", "{11F75AFB-331E-4260-81B2-431EDC820A60}"
EndProject
Project("{FAE04EC0-301F-11D3-BF4B-00C04F79EFBC}") = "App.Infrastructure.Repository.Dapper", "App.Infrastructure.Repository.Dapper\App.Infrastructure.Repository.Dapper.csproj", "{5C43D989-CEFF-4D12-A5D5-9852CFA7B7D5}"
EndProject
Global
	GlobalSection(SolutionConfigurationPlatforms) = preSolution
		Debug|Any CPU = Debug|Any CPU
		Release|Any CPU = Release|Any CPU
	EndGlobalSection
	GlobalSection(ProjectConfigurationPlatforms) = postSolution
		{FF640204-17DF-486D-AF99-5594BE4CE483}.Debug|Any CPU.ActiveCfg = Debug|Any CPU
		{FF640204-17DF-486D-AF99-5594BE4CE483}.Debug|Any CPU.Build.0 = Debug|Any CPU
		{FF640204-17DF-486D-AF99-5594BE4CE483}.Release|Any CPU.ActiveCfg = Release|Any CPU
		{FF640204-17DF-486D-AF99-5594BE4CE483}.Release|Any CPU.Build.0 = Release|Any CPU
		{56BACFFA-B83C-42AB-879D-5E715D8E065A}.Debug|Any CPU.ActiveCfg = Debug|Any CPU
		{56BACFFA-B83C-42AB-879D-5E715D8E065A}.Debug|Any CPU.Build.0 = Debug|Any CPU
		{56BACFFA-B83C-42AB-879D-5E715D8E065A}.Release|Any CPU.ActiveCfg = Release|Any CPU
		{56BACFFA-B83C-42AB-879D-5E715D8E065A}.Release|Any CPU.Build.0 = Release|Any CPU
		{F98A2F8E-6AD9-48C3-A06D-A8C505F27C79}.Debug|Any CPU.ActiveCfg = Debug|Any CPU
		{F98A2F8E-6AD9-48C3-A06D-A8C505F27C79}.Debug|Any CPU.Build.0 = Debug|Any CPU
		{F98A2F8E-6AD9-48C3-A06D-A8C505F27C79}.Release|Any CPU.ActiveCfg = Release|Any CPU
		{F98A2F8E-6AD9-48C3-A06D-A8C505F27C79}.Release|Any CPU.Build.0 = Release|Any CPU
		{B92DCA32-E514-4A9C-A94B-256413F10BF0}.Debug|Any CPU.ActiveCfg = Debug|Any CPU
		{B92DCA32-E514-4A9C-A94B-256413F10BF0}.Debug|Any CPU.Build.0 = Debug|Any CPU
		{B92DCA32-E514-4A9C-A94B-256413F10BF0}.Release|Any CPU.ActiveCfg = Release|Any CPU
		{B92DCA32-E514-4A9C-A94B-256413F10BF0}.Release|Any CPU.Build.0 = Release|Any CPU
		{B4573E38-52E2-4610-AE45-E43B99E18587}.Debug|Any CPU.ActiveCfg = Debug|Any CPU
		{B4573E38-52E2-4610-AE45-E43B99E18587}.Debug|Any CPU.Build.0 = Debug|Any CPU
		{B4573E38-52E2-4610-AE45-E43B99E18587}.Release|Any CPU.ActiveCfg = Release|Any CPU
		{B4573E38-52E2-4610-AE45-E43B99E18587}.Release|Any CPU.Build.0 = Release|Any CPU
		{11F75AFB-331E-4260-81B2-431EDC820A60}.Debug|Any CPU.ActiveCfg = Debug|Any CPU
		{11F75AFB-331E-4260-81B2-431EDC820A60}.Debug|Any CPU.Build.0 = Debug|Any CPU
		{11F75AFB-331E-4260-81B2-431EDC820A60}.Release|Any CPU.ActiveCfg = Release|Any CPU
		{11F75AFB-331E-4260-81B2-431EDC820A60}.Release|Any CPU.Build.0 = Release|Any CPU
		{5C43D989-CEFF-4D12-A5D5-9852CFA7B7D5}.Debug|Any CPU.ActiveCfg = Debug|Any CPU
		{5C43D989-CEFF-4D12-A5D5-9852CFA7B7D5}.Debug|Any CPU.Build.0 = Debug|Any CPU
		{5C43D989-CEFF-4D12-A5D5-9852CFA7B7D5}.Release|Any CPU.ActiveCfg = Release|Any CPU
		{5C43D989-CEFF-4D12-A5D5-9852CFA7B7D5}.Release|Any CPU.Build.0 = Release|Any CPU
	EndGlobalSection
	GlobalSection(SolutionProperties) = preSolution
		HideSolutionNode = FALSE
	EndGlobalSection
	GlobalSection(ExtensibilityGlobals) = postSolution
		SolutionGuid = {134C2BA1-ED14-4C01-ACD6-B27CEB7FCD6B}
	EndGlobalSection
	GlobalSection(NestedProjects) = preSolution
		{C6F83597-DF81-448D-ADB9-B044F91F2E3B} = {9FBC29E1-BD74-4356-922E-7721B6D547EF}
		{0D2BC653-8373-4148-BBA6-F3FA3F45E74E} = {9FBC29E1-BD74-4356-922E-7721B6D547EF}
		{35022201-209F-434F-A134-655624347E3A} = {9FBC29E1-BD74-4356-922E-7721B6D547EF}
		{FF640204-17DF-486D-AF99-5594BE4CE483} = {C6F83597-DF81-448D-ADB9-B044F91F2E3B}
		{56BACFFA-B83C-42AB-879D-5E715D8E065A} = {C6F83597-DF81-448D-ADB9-B044F91F2E3B}
		{F98A2F8E-6AD9-48C3-A06D-A8C505F27C79} = {C6F83597-DF81-448D-ADB9-B044F91F2E3B}
		{8E5B7A97-9F75-4179-AFF2-C29ECFC97E4A} = {0D2BC653-8373-4148-BBA6-F3FA3F45E74E}
		{91D6A55D-9500-47BF-A232-C59027D27093} = {0D2BC653-8373-4148-BBA6-F3FA3F45E74E}
		{B92DCA32-E514-4A9C-A94B-256413F10BF0} = {8E5B7A97-9F75-4179-AFF2-C29ECFC97E4A}
		{B4573E38-52E2-4610-AE45-E43B99E18587} = {91D6A55D-9500-47BF-A232-C59027D27093}
		{11F75AFB-331E-4260-81B2-431EDC820A60} = {35022201-209F-434F-A134-655624347E3A}
		{5C43D989-CEFF-4D12-A5D5-9852CFA7B7D5} = {91D6A55D-9500-47BF-A232-C59027D27093}
	EndGlobalSection
EndGlobal
